{
  "pins" : [
    {
      "identity" : "alamofire",
      "kind" : "remoteSourceControl",
      "location" : "https://github.com/Alamofire/Alamofire.git",
      "state" : {
        "revision" : "f455c2975872ccd2d9c81594c658af65716e9b9a",
        "version" : "5.9.1"
      }
    },
    {
      "identity" : "myspmlibrary",
      "kind" : "remoteSourceControl",
      "location" : "https://github.com/shivajipawar/MySPMLibrary.git",
      "state" : {
        "branch" : "main",
        "revision" : "e6fd803dbdfaaed6cc35c64eb1237c6dc9819bd3"
      }
    }
  ],
  "version" : 2
}
